
Microsoft Visual Studio Solution File, Format Version 12.00
# Visual Studio Version 17
VisualStudioVersion = 17.5.33516.290
MinimumVisualStudioVersion = 10.0.40219.1
Project("{FAE04EC0-301F-11D3-BF4B-00C04F79EFBC}") = "TelemetryInstrumentationDemo", "TelemetryInstrumentationDemo\TelemetryInstrumentationDemo.csproj", "{AE67F53B-18D2-490A-91E5-B2DAD7796E15}"
EndProject
Global
	GlobalSection(SolutionConfigurationPlatforms) = preSolution
		Debug|Any CPU = Debug|Any CPU
		Release|Any CPU = Release|Any CPU
	EndGlobalSection
	GlobalSection(ProjectConfigurationPlatforms) = postSolution
		{AE67F53B-18D2-490A-91E5-B2DAD7796E15}.Debug|Any CPU.ActiveCfg = Debug|Any CPU
		{AE67F53B-18D2-490A-91E5-B2DAD7796E15}.Debug|Any CPU.Build.0 = Debug|Any CPU
		{AE67F53B-18D2-490A-91E5-B2DAD7796E15}.Release|Any CPU.ActiveCfg = Release|Any CPU
		{AE67F53B-18D2-490A-91E5-B2DAD7796E15}.Release|Any CPU.Build.0 = Release|Any CPU
	EndGlobalSection
	GlobalSection(SolutionProperties) = preSolution
		HideSolutionNode = FALSE
	EndGlobalSection
	GlobalSection(ExtensibilityGlobals) = postSolution
		SolutionGuid = {332E9490-C215-476F-86D2-7E7E9044D06D}
	EndGlobalSection
EndGlobal
